
Microsoft Visual Studio Solution File, Format Version 12.00
# Visual Studio 15
VisualStudioVersion = 15.0.28307.852
MinimumVisualStudioVersion = 10.0.40219.1
Project("{FAE04EC0-301F-11D3-BF4B-00C04F79EFBC}") = "Lista de Presencia", "Lista de Presencia\Lista de Presencia.csproj", "{D94270F8-A375-4782-9AA3-1BE473127381}"
EndProject
Global
	GlobalSection(SolutionConfigurationPlatforms) = preSolution
		Debug|Any CPU = Debug|Any CPU
		Release|Any CPU = Release|Any CPU
	EndGlobalSection
	GlobalSection(ProjectConfigurationPlatforms) = postSolution
		{D94270F8-A375-4782-9AA3-1BE473127381}.Debug|Any CPU.ActiveCfg = Debug|Any CPU
		{D94270F8-A375-4782-9AA3-1BE473127381}.Debug|Any CPU.Build.0 = Debug|Any CPU
		{D94270F8-A375-4782-9AA3-1BE473127381}.Release|Any CPU.ActiveCfg = Release|Any CPU
		{D94270F8-A375-4782-9AA3-1BE473127381}.Release|Any CPU.Build.0 = Release|Any CPU
	EndGlobalSection
	GlobalSection(SolutionProperties) = preSolution
		HideSolutionNode = FALSE
	EndGlobalSection
	GlobalSection(ExtensibilityGlobals) = postSolution
		SolutionGuid = {B656DBD0-0FBF-406B-9F1B-EA770321AF9E}
	EndGlobalSection
EndGlobal
